{
    "_readme": [
        "This file locks the dependencies of your project to a known state",
        "Read more about it at https://getcomposer.org/doc/01-basic-usage.md#composer-lock-the-lock-file",
        "This file is @generated automatically"
    ],
    "content-hash": "1aec47455c748bafd1b363034c6b0fba",
    "packages": [
        {
            "name": "petrwl/parentheses",
            "version": "dev-master",
            "source": {
                "type": "git",
                "url": "https://github.com/petrwl/parentheses.git",
                "reference": "2b5efab5cf01eddbe2e595465064f4f971bb7f2e"
            },
            "dist": {
                "type": "zip",
                "url": "https://api.github.com/repos/petrwl/parentheses/zipball/2b5efab5cf01eddbe2e595465064f4f971bb7f2e",
                "reference": "2b5efab5cf01eddbe2e595465064f4f971bb7f2e",
                "shasum": ""
            },
            "require": {
                "php": ">=7.0.0"
            },
            "type": "library",
            "autoload": {
                "psr-4": {
                    "Parentheses\\": "src/"
                }
            },
            "notification-url": "https://packagist.org/downloads/",
            "license": [
                "proprietary"
            ],
            "authors": [
                {
                    "name": "Petr Schegolskov",
                    "email": "petrexpress@gmail.com"
                }
            ],
            "description": "Check balance parentheses",
            "time": "2018-01-03T21:26:01+00:00"
        }
    ],
    "packages-dev": [],
    "aliases": [],
    "minimum-stability": "stable",
    "stability-flags": {
        "petrwl/parentheses": 20
    },
    "prefer-stable": false,
    "prefer-lowest": false,
    "platform": [],
    "platform-dev": []
}
